
Microsoft Visual Studio Solution File, Format Version 12.00
# Visual Studio Version 17
VisualStudioVersion = 17.6.33801.468
MinimumVisualStudioVersion = 10.0.40219.1
Project("{FAE04EC0-301F-11D3-BF4B-00C04F79EFBC}") = "RestaurantApi", "RestaurantApi\RestaurantApi.csproj", "{8A63C6D9-CCB9-4BD9-9246-5AB0D617CE11}"
EndProject
Global
	GlobalSection(SolutionConfigurationPlatforms) = preSolution
		Debug|Any CPU = Debug|Any CPU
		Release|Any CPU = Release|Any CPU
	EndGlobalSection
	GlobalSection(ProjectConfigurationPlatforms) = postSolution
		{8A63C6D9-CCB9-4BD9-9246-5AB0D617CE11}.Debug|Any CPU.ActiveCfg = Debug|Any CPU
		{8A63C6D9-CCB9-4BD9-9246-5AB0D617CE11}.Debug|Any CPU.Build.0 = Debug|Any CPU
		{8A63C6D9-CCB9-4BD9-9246-5AB0D617CE11}.Release|Any CPU.ActiveCfg = Release|Any CPU
		{8A63C6D9-CCB9-4BD9-9246-5AB0D617CE11}.Release|Any CPU.Build.0 = Release|Any CPU
	EndGlobalSection
	GlobalSection(SolutionProperties) = preSolution
		HideSolutionNode = FALSE
	EndGlobalSection
	GlobalSection(ExtensibilityGlobals) = postSolution
		SolutionGuid = {ED376EBE-4F13-4E12-AE51-AD4BBF2AEC6F}
	EndGlobalSection
EndGlobal
